
Microsoft Visual Studio Solution File, Format Version 12.00
Project("{FAE04EC0-301F-11D3-BF4B-00C04F79EFBC}") = "WebApp", "WebApp\WebApp.csproj", "{BD68C713-E951-48B4-B62E-87B3F8FD1BCE}"
EndProject
Project("{2150E333-8FDC-42A3-9474-1A3956D46DE8}") = "Solution Items", "Solution Items", "{780139DB-74C4-4674-A861-95DE8644DF4C}"
	ProjectSection(SolutionItems) = preProject
		Directory.Build.props = Directory.Build.props
		docker-compose.yml = docker-compose.yml
		README.md = README.md
		.gitignore = .gitignore
	EndProjectSection
EndProject
Project("{FAE04EC0-301F-11D3-BF4B-00C04F79EFBC}") = "App.Domain", "App.Domain\App.Domain.csproj", "{D762C0CE-B938-4CF8-8F9C-FE3EA5A11AC3}"
EndProject
Project("{2150E333-8FDC-42A3-9474-1A3956D46DE8}") = "Base.Contracts", "Base.Contracts", "{27979C00-B45C-42BC-927A-2F6BE288C8C5}"
EndProject
Project("{FAE04EC0-301F-11D3-BF4B-00C04F79EFBC}") = "Base.Contracts.Domain", "Base.Contracts.Domain\Base.Contracts.Domain.csproj", "{68997B64-C767-475C-AD4F-1C4797F82819}"
EndProject
Project("{FAE04EC0-301F-11D3-BF4B-00C04F79EFBC}") = "Base.Contracts.DAL", "Base.Contracts.DAL\Base.Contracts.DAL.csproj", "{DB2E03FB-9026-463B-AB1C-8402D321EE1B}"
EndProject
Project("{FAE04EC0-301F-11D3-BF4B-00C04F79EFBC}") = "Base.Contracts.BLL", "Base.Contracts.BLL\Base.Contracts.BLL.csproj", "{FDA00979-8A12-4B7B-AFDD-5FED9CFB4B46}"
EndProject
Project("{FAE04EC0-301F-11D3-BF4B-00C04F79EFBC}") = "Base.Contracts.Base", "Base.Contracts.Base\Base.Contracts.Base.csproj", "{8A3F738D-002E-4CF7-8006-D4DA3867F8CF}"
EndProject
Project("{2150E333-8FDC-42A3-9474-1A3956D46DE8}") = "Base", "Base", "{F6E42591-CE6A-43F4-ABE7-037A9A9B7ED3}"
EndProject
Project("{FAE04EC0-301F-11D3-BF4B-00C04F79EFBC}") = "Base.Extensions", "Base.Extensions\Base.Extensions.csproj", "{1D0A94E8-88A2-41DD-BD89-33652C7F192F}"
EndProject
Project("{FAE04EC0-301F-11D3-BF4B-00C04F79EFBC}") = "Base.Domain", "Base.Domain\Base.Domain.csproj", "{119D6E41-987C-41A8-AB59-CB7D859594D0}"
EndProject
Project("{FAE04EC0-301F-11D3-BF4B-00C04F79EFBC}") = "Base.DAL.EF", "Base.DAL.EF\Base.DAL.EF.csproj", "{56C18597-858E-49F0-B59B-FFBC63183081}"
EndProject
Project("{FAE04EC0-301F-11D3-BF4B-00C04F79EFBC}") = "Base.DAL", "Base.DAL\Base.DAL.csproj", "{C7D85269-7D26-4FE8-8C75-5092FB324AD6}"
EndProject
Project("{FAE04EC0-301F-11D3-BF4B-00C04F79EFBC}") = "Base.BLL", "Base.BLL\Base.BLL.csproj", "{7ACB6458-2E43-4A0A-BC0E-B10DCB38065F}"
EndProject
Project("{FAE04EC0-301F-11D3-BF4B-00C04F79EFBC}") = "App.DAL.EF", "App.DAL.EF\App.DAL.EF.csproj", "{5C808536-B621-4B36-AF7B-18AFFEFE084C}"
EndProject
Project("{FAE04EC0-301F-11D3-BF4B-00C04F79EFBC}") = "App.Contracts.DAL", "App.Contracts.DAL\App.Contracts.DAL.csproj", "{4288552B-B1B7-4F1C-ACE5-7D9089187123}"
EndProject
Project("{FAE04EC0-301F-11D3-BF4B-00C04F79EFBC}") = "App.DAL.DTO", "App.DAL.DTO\App.DAL.DTO.csproj", "{533FFB22-9BE3-4649-ACE3-6EF3D23061B7}"
EndProject
Project("{2150E333-8FDC-42A3-9474-1A3956D46DE8}") = "App", "App", "{57DE4A03-1AEF-4247-BD83-E6636BD24DDE}"
EndProject
Project("{2150E333-8FDC-42A3-9474-1A3956D46DE8}") = "DAL", "DAL", "{89ECAECA-1483-433A-8FED-EA4E3AC87568}"
EndProject
Project("{2150E333-8FDC-42A3-9474-1A3956D46DE8}") = "BLL", "BLL", "{7F7F4E48-85B5-4BB4-B488-1DA5480FBC4B}"
EndProject
Project("{FAE04EC0-301F-11D3-BF4B-00C04F79EFBC}") = "App.Contracts.BLL", "App.Contracts.BLL\App.Contracts.BLL.csproj", "{691CAEDF-B623-4E0B-B762-27CD371806CD}"
EndProject
Project("{FAE04EC0-301F-11D3-BF4B-00C04F79EFBC}") = "App.BLL.DTO", "App.BLL.DTO\App.BLL.DTO.csproj", "{DE6BB8D4-FF4C-44DC-96D1-26E8822F65CD}"
EndProject
Project("{FAE04EC0-301F-11D3-BF4B-00C04F79EFBC}") = "App.BLL", "App.BLL\App.BLL.csproj", "{779E4B6F-AFEA-464F-B6FA-8EE52701BF8E}"
EndProject
Project("{FAE04EC0-301F-11D3-BF4B-00C04F79EFBC}") = "App.Public.DTO", "App.Public.DTO\App.Public.DTO.csproj", "{CBBBF8EA-422D-4677-B27D-A8088D3A4995}"
EndProject
Project("{FAE04EC0-301F-11D3-BF4B-00C04F79EFBC}") = "App.Public", "App.Public\App.Public.csproj", "{84DAC07E-5EA2-4400-88E9-AE3E6A4C6858}"
EndProject
Project("{2150E333-8FDC-42A3-9474-1A3956D46DE8}") = "Tests", "Tests", "{8335951C-A8FC-4DF2-8382-6B7ABE94BC79}"
EndProject
Project("{FAE04EC0-301F-11D3-BF4B-00C04F79EFBC}") = "Tests.WebApp", "Tests.WebApp\Tests.WebApp.csproj", "{A73693C1-E8D4-4440-B358-65D849505A4F}"
EndProject
Global
	GlobalSection(SolutionConfigurationPlatforms) = preSolution
		Debug|Any CPU = Debug|Any CPU
		Release|Any CPU = Release|Any CPU
	EndGlobalSection
	GlobalSection(ProjectConfigurationPlatforms) = postSolution
		{BD68C713-E951-48B4-B62E-87B3F8FD1BCE}.Debug|Any CPU.ActiveCfg = Debug|Any CPU
		{BD68C713-E951-48B4-B62E-87B3F8FD1BCE}.Debug|Any CPU.Build.0 = Debug|Any CPU
		{BD68C713-E951-48B4-B62E-87B3F8FD1BCE}.Release|Any CPU.ActiveCfg = Release|Any CPU
		{BD68C713-E951-48B4-B62E-87B3F8FD1BCE}.Release|Any CPU.Build.0 = Release|Any CPU
		{D762C0CE-B938-4CF8-8F9C-FE3EA5A11AC3}.Debug|Any CPU.ActiveCfg = Debug|Any CPU
		{D762C0CE-B938-4CF8-8F9C-FE3EA5A11AC3}.Debug|Any CPU.Build.0 = Debug|Any CPU
		{D762C0CE-B938-4CF8-8F9C-FE3EA5A11AC3}.Release|Any CPU.ActiveCfg = Release|Any CPU
		{D762C0CE-B938-4CF8-8F9C-FE3EA5A11AC3}.Release|Any CPU.Build.0 = Release|Any CPU
		{68997B64-C767-475C-AD4F-1C4797F82819}.Debug|Any CPU.ActiveCfg = Debug|Any CPU
		{68997B64-C767-475C-AD4F-1C4797F82819}.Debug|Any CPU.Build.0 = Debug|Any CPU
		{68997B64-C767-475C-AD4F-1C4797F82819}.Release|Any CPU.ActiveCfg = Release|Any CPU
		{68997B64-C767-475C-AD4F-1C4797F82819}.Release|Any CPU.Build.0 = Release|Any CPU
		{DB2E03FB-9026-463B-AB1C-8402D321EE1B}.Debug|Any CPU.ActiveCfg = Debug|Any CPU
		{DB2E03FB-9026-463B-AB1C-8402D321EE1B}.Debug|Any CPU.Build.0 = Debug|Any CPU
		{DB2E03FB-9026-463B-AB1C-8402D321EE1B}.Release|Any CPU.ActiveCfg = Release|Any CPU
		{DB2E03FB-9026-463B-AB1C-8402D321EE1B}.Release|Any CPU.Build.0 = Release|Any CPU
		{FDA00979-8A12-4B7B-AFDD-5FED9CFB4B46}.Debug|Any CPU.ActiveCfg = Debug|Any CPU
		{FDA00979-8A12-4B7B-AFDD-5FED9CFB4B46}.Debug|Any CPU.Build.0 = Debug|Any CPU
		{FDA00979-8A12-4B7B-AFDD-5FED9CFB4B46}.Release|Any CPU.ActiveCfg = Release|Any CPU
		{FDA00979-8A12-4B7B-AFDD-5FED9CFB4B46}.Release|Any CPU.Build.0 = Release|Any CPU
		{8A3F738D-002E-4CF7-8006-D4DA3867F8CF}.Debug|Any CPU.ActiveCfg = Debug|Any CPU
		{8A3F738D-002E-4CF7-8006-D4DA3867F8CF}.Debug|Any CPU.Build.0 = Debug|Any CPU
		{8A3F738D-002E-4CF7-8006-D4DA3867F8CF}.Release|Any CPU.ActiveCfg = Release|Any CPU
		{8A3F738D-002E-4CF7-8006-D4DA3867F8CF}.Release|Any CPU.Build.0 = Release|Any CPU
		{1D0A94E8-88A2-41DD-BD89-33652C7F192F}.Debug|Any CPU.ActiveCfg = Debug|Any CPU
		{1D0A94E8-88A2-41DD-BD89-33652C7F192F}.Debug|Any CPU.Build.0 = Debug|Any CPU
		{1D0A94E8-88A2-41DD-BD89-33652C7F192F}.Release|Any CPU.ActiveCfg = Release|Any CPU
		{1D0A94E8-88A2-41DD-BD89-33652C7F192F}.Release|Any CPU.Build.0 = Release|Any CPU
		{119D6E41-987C-41A8-AB59-CB7D859594D0}.Debug|Any CPU.ActiveCfg = Debug|Any CPU
		{119D6E41-987C-41A8-AB59-CB7D859594D0}.Debug|Any CPU.Build.0 = Debug|Any CPU
		{119D6E41-987C-41A8-AB59-CB7D859594D0}.Release|Any CPU.ActiveCfg = Release|Any CPU
		{119D6E41-987C-41A8-AB59-CB7D859594D0}.Release|Any CPU.Build.0 = Release|Any CPU
		{56C18597-858E-49F0-B59B-FFBC63183081}.Debug|Any CPU.ActiveCfg = Debug|Any CPU
		{56C18597-858E-49F0-B59B-FFBC63183081}.Debug|Any CPU.Build.0 = Debug|Any CPU
		{56C18597-858E-49F0-B59B-FFBC63183081}.Release|Any CPU.ActiveCfg = Release|Any CPU
		{56C18597-858E-49F0-B59B-FFBC63183081}.Release|Any CPU.Build.0 = Release|Any CPU
		{C7D85269-7D26-4FE8-8C75-5092FB324AD6}.Debug|Any CPU.ActiveCfg = Debug|Any CPU
		{C7D85269-7D26-4FE8-8C75-5092FB324AD6}.Debug|Any CPU.Build.0 = Debug|Any CPU
		{C7D85269-7D26-4FE8-8C75-5092FB324AD6}.Release|Any CPU.ActiveCfg = Release|Any CPU
		{C7D85269-7D26-4FE8-8C75-5092FB324AD6}.Release|Any CPU.Build.0 = Release|Any CPU
		{7ACB6458-2E43-4A0A-BC0E-B10DCB38065F}.Debug|Any CPU.ActiveCfg = Debug|Any CPU
		{7ACB6458-2E43-4A0A-BC0E-B10DCB38065F}.Debug|Any CPU.Build.0 = Debug|Any CPU
		{7ACB6458-2E43-4A0A-BC0E-B10DCB38065F}.Release|Any CPU.ActiveCfg = Release|Any CPU
		{7ACB6458-2E43-4A0A-BC0E-B10DCB38065F}.Release|Any CPU.Build.0 = Release|Any CPU
		{5C808536-B621-4B36-AF7B-18AFFEFE084C}.Debug|Any CPU.ActiveCfg = Debug|Any CPU
		{5C808536-B621-4B36-AF7B-18AFFEFE084C}.Debug|Any CPU.Build.0 = Debug|Any CPU
		{5C808536-B621-4B36-AF7B-18AFFEFE084C}.Release|Any CPU.ActiveCfg = Release|Any CPU
		{5C808536-B621-4B36-AF7B-18AFFEFE084C}.Release|Any CPU.Build.0 = Release|Any CPU
		{4288552B-B1B7-4F1C-ACE5-7D9089187123}.Debug|Any CPU.ActiveCfg = Debug|Any CPU
		{4288552B-B1B7-4F1C-ACE5-7D9089187123}.Debug|Any CPU.Build.0 = Debug|Any CPU
		{4288552B-B1B7-4F1C-ACE5-7D9089187123}.Release|Any CPU.ActiveCfg = Release|Any CPU
		{4288552B-B1B7-4F1C-ACE5-7D9089187123}.Release|Any CPU.Build.0 = Release|Any CPU
		{533FFB22-9BE3-4649-ACE3-6EF3D23061B7}.Debug|Any CPU.ActiveCfg = Debug|Any CPU
		{533FFB22-9BE3-4649-ACE3-6EF3D23061B7}.Debug|Any CPU.Build.0 = Debug|Any CPU
		{533FFB22-9BE3-4649-ACE3-6EF3D23061B7}.Release|Any CPU.ActiveCfg = Release|Any CPU
		{533FFB22-9BE3-4649-ACE3-6EF3D23061B7}.Release|Any CPU.Build.0 = Release|Any CPU
		{691CAEDF-B623-4E0B-B762-27CD371806CD}.Debug|Any CPU.ActiveCfg = Debug|Any CPU
		{691CAEDF-B623-4E0B-B762-27CD371806CD}.Debug|Any CPU.Build.0 = Debug|Any CPU
		{691CAEDF-B623-4E0B-B762-27CD371806CD}.Release|Any CPU.ActiveCfg = Release|Any CPU
		{691CAEDF-B623-4E0B-B762-27CD371806CD}.Release|Any CPU.Build.0 = Release|Any CPU
		{DE6BB8D4-FF4C-44DC-96D1-26E8822F65CD}.Debug|Any CPU.ActiveCfg = Debug|Any CPU
		{DE6BB8D4-FF4C-44DC-96D1-26E8822F65CD}.Debug|Any CPU.Build.0 = Debug|Any CPU
		{DE6BB8D4-FF4C-44DC-96D1-26E8822F65CD}.Release|Any CPU.ActiveCfg = Release|Any CPU
		{DE6BB8D4-FF4C-44DC-96D1-26E8822F65CD}.Release|Any CPU.Build.0 = Release|Any CPU
		{779E4B6F-AFEA-464F-B6FA-8EE52701BF8E}.Debug|Any CPU.ActiveCfg = Debug|Any CPU
		{779E4B6F-AFEA-464F-B6FA-8EE52701BF8E}.Debug|Any CPU.Build.0 = Debug|Any CPU
		{779E4B6F-AFEA-464F-B6FA-8EE52701BF8E}.Release|Any CPU.ActiveCfg = Release|Any CPU
		{779E4B6F-AFEA-464F-B6FA-8EE52701BF8E}.Release|Any CPU.Build.0 = Release|Any CPU
		{CBBBF8EA-422D-4677-B27D-A8088D3A4995}.Debug|Any CPU.ActiveCfg = Debug|Any CPU
		{CBBBF8EA-422D-4677-B27D-A8088D3A4995}.Debug|Any CPU.Build.0 = Debug|Any CPU
		{CBBBF8EA-422D-4677-B27D-A8088D3A4995}.Release|Any CPU.ActiveCfg = Release|Any CPU
		{CBBBF8EA-422D-4677-B27D-A8088D3A4995}.Release|Any CPU.Build.0 = Release|Any CPU
		{84DAC07E-5EA2-4400-88E9-AE3E6A4C6858}.Debug|Any CPU.ActiveCfg = Debug|Any CPU
		{84DAC07E-5EA2-4400-88E9-AE3E6A4C6858}.Debug|Any CPU.Build.0 = Debug|Any CPU
		{84DAC07E-5EA2-4400-88E9-AE3E6A4C6858}.Release|Any CPU.ActiveCfg = Release|Any CPU
		{84DAC07E-5EA2-4400-88E9-AE3E6A4C6858}.Release|Any CPU.Build.0 = Release|Any CPU
		{A73693C1-E8D4-4440-B358-65D849505A4F}.Debug|Any CPU.ActiveCfg = Debug|Any CPU
		{A73693C1-E8D4-4440-B358-65D849505A4F}.Debug|Any CPU.Build.0 = Debug|Any CPU
		{A73693C1-E8D4-4440-B358-65D849505A4F}.Release|Any CPU.ActiveCfg = Release|Any CPU
		{A73693C1-E8D4-4440-B358-65D849505A4F}.Release|Any CPU.Build.0 = Release|Any CPU
	EndGlobalSection
	GlobalSection(NestedProjects) = preSolution
		{68997B64-C767-475C-AD4F-1C4797F82819} = {27979C00-B45C-42BC-927A-2F6BE288C8C5}
		{DB2E03FB-9026-463B-AB1C-8402D321EE1B} = {27979C00-B45C-42BC-927A-2F6BE288C8C5}
		{FDA00979-8A12-4B7B-AFDD-5FED9CFB4B46} = {27979C00-B45C-42BC-927A-2F6BE288C8C5}
		{8A3F738D-002E-4CF7-8006-D4DA3867F8CF} = {27979C00-B45C-42BC-927A-2F6BE288C8C5}
		{1D0A94E8-88A2-41DD-BD89-33652C7F192F} = {F6E42591-CE6A-43F4-ABE7-037A9A9B7ED3}
		{119D6E41-987C-41A8-AB59-CB7D859594D0} = {F6E42591-CE6A-43F4-ABE7-037A9A9B7ED3}
		{56C18597-858E-49F0-B59B-FFBC63183081} = {F6E42591-CE6A-43F4-ABE7-037A9A9B7ED3}
		{C7D85269-7D26-4FE8-8C75-5092FB324AD6} = {F6E42591-CE6A-43F4-ABE7-037A9A9B7ED3}
		{7ACB6458-2E43-4A0A-BC0E-B10DCB38065F} = {F6E42591-CE6A-43F4-ABE7-037A9A9B7ED3}
		{D762C0CE-B938-4CF8-8F9C-FE3EA5A11AC3} = {57DE4A03-1AEF-4247-BD83-E6636BD24DDE}
		{BD68C713-E951-48B4-B62E-87B3F8FD1BCE} = {57DE4A03-1AEF-4247-BD83-E6636BD24DDE}
		{89ECAECA-1483-433A-8FED-EA4E3AC87568} = {57DE4A03-1AEF-4247-BD83-E6636BD24DDE}
		{4288552B-B1B7-4F1C-ACE5-7D9089187123} = {89ECAECA-1483-433A-8FED-EA4E3AC87568}
		{533FFB22-9BE3-4649-ACE3-6EF3D23061B7} = {89ECAECA-1483-433A-8FED-EA4E3AC87568}
		{5C808536-B621-4B36-AF7B-18AFFEFE084C} = {89ECAECA-1483-433A-8FED-EA4E3AC87568}
		{7F7F4E48-85B5-4BB4-B488-1DA5480FBC4B} = {57DE4A03-1AEF-4247-BD83-E6636BD24DDE}
		{691CAEDF-B623-4E0B-B762-27CD371806CD} = {7F7F4E48-85B5-4BB4-B488-1DA5480FBC4B}
		{DE6BB8D4-FF4C-44DC-96D1-26E8822F65CD} = {7F7F4E48-85B5-4BB4-B488-1DA5480FBC4B}
		{779E4B6F-AFEA-464F-B6FA-8EE52701BF8E} = {7F7F4E48-85B5-4BB4-B488-1DA5480FBC4B}
		{CBBBF8EA-422D-4677-B27D-A8088D3A4995} = {57DE4A03-1AEF-4247-BD83-E6636BD24DDE}
		{84DAC07E-5EA2-4400-88E9-AE3E6A4C6858} = {57DE4A03-1AEF-4247-BD83-E6636BD24DDE}
		{A73693C1-E8D4-4440-B358-65D849505A4F} = {8335951C-A8FC-4DF2-8382-6B7ABE94BC79}
	EndGlobalSection
EndGlobal
